# This file is generated by running "yarn install" inside your project.
# Manual changes might be lost - proceed with caution!

__metadata:
  version: 6
  cacheKey: 8

"@kurkle/color@npm:^0.3.0":
  version: 0.3.2
  resolution: "@kurkle/color@npm:0.3.2"
  checksum: 79e97b31f8f6efb28c69d373f94b0c7480226fe8ec95221f518ac998e156444a496727ce47de6d728eb5c3369288e794cba82cae34253deb0d472d3bfe080e49
  languageName: node
  linkType: hard

"chart.js@npm:^4.2.0":
  version: 4.2.0
  resolution: "chart.js@npm:4.2.0"
  dependencies:
    "@kurkle/color": ^0.3.0
  checksum: 281b023c013de8700a5208a45d35248b02119fadb574d0c104c7e0720605e085195ce546fd3aa27625e9db1188fdd5f7491a411463b9c30b7654a5f4b13d8d80
  languageName: node
  linkType: hard

"react-hook-form@npm:^7.43.9":
  version: 7.43.9
  resolution: "react-hook-form@npm:7.43.9"
  peerDependencies:
    react: ^16.8.0 || ^17 || ^18
  checksum: 65b94de625f2b7921c4e856bf0abbe142bfe06c052217bd1bcc3a842e2cc37fa3a3e03758119dc038bbcf5edb49e02c29206528b80b201f9a4d601471ef78153
  languageName: node
  linkType: hard

"root-workspace-0b6124@workspace:.":
  version: 0.0.0-use.local
  resolution: "root-workspace-0b6124@workspace:."
  dependencies:
    chart.js: ^4.2.0
    react-hook-form: ^7.43.9
  languageName: unknown
  linkType: soft
